// !$*UTF8*$!
{
	archiveVersion = 1;
	classes = {
	};
	objectVersion = 56;
	objects = {

/* Begin PBXBuildFile section */
		CE132F7D2BAA66F100DED1F6 /* CardImageIndicatorView.swift in Sources */ = {isa = PBXBuildFile; fileRef = CE132F7C2BAA66F100DED1F6 /* CardImageIndicatorView.swift */; };
		CE132F7F2BAA75FB00DED1F6 /* CardStackView.swift in Sources */ = {isa = PBXBuildFile; fileRef = CE132F7E2BAA75FB00DED1F6 /* CardStackView.swift */; };
		CE3592B62BA7B18700AF261F /* SwipeActionIndicatorView.swift in Sources */ = {isa = PBXBuildFile; fileRef = CE3592B52BA7B18700AF261F /* SwipeActionIndicatorView.swift */; };
		CE3592B92BA7B43F00AF261F /* SizeConstants.swift in Sources */ = {isa = PBXBuildFile; fileRef = CE3592B82BA7B43F00AF261F /* SizeConstants.swift */; };
		CE3592BB2BA7CFCD00AF261F /* ImageScrollingOverlay.swift in Sources */ = {isa = PBXBuildFile; fileRef = CE3592BA2BA7CFCD00AF261F /* ImageScrollingOverlay.swift */; };
		CE7B03212BA6879D00A27030 /* TinderCloneApp.swift in Sources */ = {isa = PBXBuildFile; fileRef = CE7B03202BA6879D00A27030 /* TinderCloneApp.swift */; };
		CE7B03232BA6879D00A27030 /* ContentView.swift in Sources */ = {isa = PBXBuildFile; fileRef = CE7B03222BA6879D00A27030 /* ContentView.swift */; };
		CE7B03252BA6879E00A27030 /* Assets.xcassets in Resources */ = {isa = PBXBuildFile; fileRef = CE7B03242BA6879E00A27030 /* Assets.xcassets */; };
		CE7B03282BA6879E00A27030 /* Preview Assets.xcassets in Resources */ = {isa = PBXBuildFile; fileRef = CE7B03272BA6879E00A27030 /* Preview Assets.xcassets */; };
		CE7B03392BA688BD00A27030 /* MainTabView.swift in Sources */ = {isa = PBXBuildFile; fileRef = CE7B03382BA688BD00A27030 /* MainTabView.swift */; };
		CE7B033C2BA68B4D00A27030 /* CardView.swift in Sources */ = {isa = PBXBuildFile; fileRef = CE7B033B2BA68B4D00A27030 /* CardView.swift */; };
		CE7B03402BA6948A00A27030 /* UserInfoView.swift in Sources */ = {isa = PBXBuildFile; fileRef = CE7B033F2BA6948A00A27030 /* UserInfoView.swift */; };
		CEEA74A52BAD127C0097AF4E /* User.swift in Sources */ = {isa = PBXBuildFile; fileRef = CEEA74A42BAD127C0097AF4E /* User.swift */; };
		CEEA74A82BAD12D90097AF4E /* CardModel.swift in Sources */ = {isa = PBXBuildFile; fileRef = CEEA74A72BAD12D90097AF4E /* CardModel.swift */; };
		CEEA74AB2BAD13410097AF4E /* CardsViewModel.swift in Sources */ = {isa = PBXBuildFile; fileRef = CEEA74AA2BAD13410097AF4E /* CardsViewModel.swift */; };
		CEEA74AE2BAD14130097AF4E /* CardService.swift in Sources */ = {isa = PBXBuildFile; fileRef = CEEA74AD2BAD14130097AF4E /* CardService.swift */; };
		CEEA74B12BAD15030097AF4E /* MockData.swift in Sources */ = {isa = PBXBuildFile; fileRef = CEEA74B02BAD15030097AF4E /* MockData.swift */; };
/* End PBXBuildFile section */

/* Begin PBXFileReference section */
		CE132F7C2BAA66F100DED1F6 /* CardImageIndicatorView.swift */ = {isa = PBXFileReference; lastKnownFileType = sourcecode.swift; path = CardImageIndicatorView.swift; sourceTree = "<group>"; };
		CE132F7E2BAA75FB00DED1F6 /* CardStackView.swift */ = {isa = PBXFileReference; lastKnownFileType = sourcecode.swift; path = CardStackView.swift; sourceTree = "<group>"; };
		CE3592B52BA7B18700AF261F /* SwipeActionIndicatorView.swift */ = {isa = PBXFileReference; lastKnownFileType = sourcecode.swift; path = SwipeActionIndicatorView.swift; sourceTree = "<group>"; };
		CE3592B82BA7B43F00AF261F /* SizeConstants.swift */ = {isa = PBXFileReference; lastKnownFileType = sourcecode.swift; path = SizeConstants.swift; sourceTree = "<group>"; };
		CE3592BA2BA7CFCD00AF261F /* ImageScrollingOverlay.swift */ = {isa = PBXFileReference; lastKnownFileType = sourcecode.swift; path = ImageScrollingOverlay.swift; sourceTree = "<group>"; };
		CE7B031D2BA6879D00A27030 /* TinderClone.app */ = {isa = PBXFileReference; explicitFileType = wrapper.application; includeInIndex = 0; path = TinderClone.app; sourceTree = BUILT_PRODUCTS_DIR; };
		CE7B03202BA6879D00A27030 /* TinderCloneApp.swift */ = {isa = PBXFileReference; lastKnownFileType = sourcecode.swift; path = TinderCloneApp.swift; sourceTree = "<group>"; };
		CE7B03222BA6879D00A27030 /* ContentView.swift */ = {isa = PBXFileReference; lastKnownFileType = sourcecode.swift; path = ContentView.swift; sourceTree = "<group>"; };
		CE7B03242BA6879E00A27030 /* Assets.xcassets */ = {isa = PBXFileReference; lastKnownFileType = folder.assetcatalog; path = Assets.xcassets; sourceTree = "<group>"; };
		CE7B03272BA6879E00A27030 /* Preview Assets.xcassets */ = {isa = PBXFileReference; lastKnownFileType = folder.assetcatalog; path = "Preview Assets.xcassets"; sourceTree = "<group>"; };
		CE7B03382BA688BD00A27030 /* MainTabView.swift */ = {isa = PBXFileReference; lastKnownFileType = sourcecode.swift; path = MainTabView.swift; sourceTree = "<group>"; };
		CE7B033B2BA68B4D00A27030 /* CardView.swift */ = {isa = PBXFileReference; lastKnownFileType = sourcecode.swift; path = CardView.swift; sourceTree = "<group>"; };
		CE7B033F2BA6948A00A27030 /* UserInfoView.swift */ = {isa = PBXFileReference; lastKnownFileType = sourcecode.swift; path = UserInfoView.swift; sourceTree = "<group>"; };
		CEEA74A42BAD127C0097AF4E /* User.swift */ = {isa = PBXFileReference; lastKnownFileType = sourcecode.swift; path = User.swift; sourceTree = "<group>"; };
		CEEA74A72BAD12D90097AF4E /* CardModel.swift */ = {isa = PBXFileReference; lastKnownFileType = sourcecode.swift; path = CardModel.swift; sourceTree = "<group>"; };
		CEEA74AA2BAD13410097AF4E /* CardsViewModel.swift */ = {isa = PBXFileReference; lastKnownFileType = sourcecode.swift; path = CardsViewModel.swift; sourceTree = "<group>"; };
		CEEA74AD2BAD14130097AF4E /* CardService.swift */ = {isa = PBXFileReference; lastKnownFileType = sourcecode.swift; path = CardService.swift; sourceTree = "<group>"; };
		CEEA74B02BAD15030097AF4E /* MockData.swift */ = {isa = PBXFileReference; lastKnownFileType = sourcecode.swift; path = MockData.swift; sourceTree = "<group>"; };
/* End PBXFileReference section */

/* Begin PBXFrameworksBuildPhase section */
		CE7B031A2BA6879D00A27030 /* Frameworks */ = {
			isa = PBXFrameworksBuildPhase;
			buildActionMask = 2147483647;
			files = (
			);
			runOnlyForDeploymentPostprocessing = 0;
		};
/* End PBXFrameworksBuildPhase section */

/* Begin PBXGroup section */
		CE3592B72BA7B42500AF261F /* Constants */ = {
			isa = PBXGroup;
			children = (
				CE3592B82BA7B43F00AF261F /* SizeConstants.swift */,
			);
			path = Constants;
			sourceTree = "<group>";
		};
		CE7B03142BA6879D00A27030 = {
			isa = PBXGroup;
			children = (
				CE7B031F2BA6879D00A27030 /* TinderClone */,
				CE7B031E2BA6879D00A27030 /* Products */,
			);
			sourceTree = "<group>";
		};
		CE7B031E2BA6879D00A27030 /* Products */ = {
			isa = PBXGroup;
			children = (
				CE7B031D2BA6879D00A27030 /* TinderClone.app */,
			);
			name = Products;
			sourceTree = "<group>";
		};
		CE7B031F2BA6879D00A27030 /* TinderClone */ = {
			isa = PBXGroup;
			children = (
				CE7B03322BA6885600A27030 /* App */,
				CE7B03312BA6884200A27030 /* Core */,
				CE7B03302BA6884000A27030 /* Extensions */,
				CE7B032F2BA6883F00A27030 /* Shared */,
				CE7B032E2BA6883D00A27030 /* Utils */,
				CE7B03222BA6879D00A27030 /* ContentView.swift */,
				CE7B03242BA6879E00A27030 /* Assets.xcassets */,
				CE7B03262BA6879E00A27030 /* Preview Content */,
			);
			path = TinderClone;
			sourceTree = "<group>";
		};
		CE7B03262BA6879E00A27030 /* Preview Content */ = {
			isa = PBXGroup;
			children = (
				CE7B03272BA6879E00A27030 /* Preview Assets.xcassets */,
			);
			path = "Preview Content";
			sourceTree = "<group>";
		};
		CE7B032E2BA6883D00A27030 /* Utils */ = {
			isa = PBXGroup;
			children = (
				CEEA74AF2BAD14F70097AF4E /* MockData */,
				CE3592B72BA7B42500AF261F /* Constants */,
			);
			path = Utils;
			sourceTree = "<group>";
		};
		CE7B032F2BA6883F00A27030 /* Shared */ = {
			isa = PBXGroup;
			children = (
				CEEA74A22BAD12680097AF4E /* Users */,
			);
			path = Shared;
			sourceTree = "<group>";
		};
		CE7B03302BA6884000A27030 /* Extensions */ = {
			isa = PBXGroup;
			children = (
			);
			path = Extensions;
			sourceTree = "<group>";
		};
		CE7B03312BA6884200A27030 /* Core */ = {
			isa = PBXGroup;
			children = (
				CE7B03372BA6889100A27030 /* Cards */,
				CE7B03362BA6888C00A27030 /* Messaging */,
				CE7B03352BA6888A00A27030 /* Profile */,
				CE7B03342BA6888800A27030 /* Search */,
				CE7B03332BA6888600A27030 /* TabBar */,
			);
			path = Core;
			sourceTree = "<group>";
		};
		CE7B03322BA6885600A27030 /* App */ = {
			isa = PBXGroup;
			children = (
				CE7B03202BA6879D00A27030 /* TinderCloneApp.swift */,
			);
			path = App;
			sourceTree = "<group>";
		};
		CE7B03332BA6888600A27030 /* TabBar */ = {
			isa = PBXGroup;
			children = (
				CE7B03382BA688BD00A27030 /* MainTabView.swift */,
			);
			path = TabBar;
			sourceTree = "<group>";
		};
		CE7B03342BA6888800A27030 /* Search */ = {
			isa = PBXGroup;
			children = (
			);
			path = Search;
			sourceTree = "<group>";
		};
		CE7B03352BA6888A00A27030 /* Profile */ = {
			isa = PBXGroup;
			children = (
			);
			path = Profile;
			sourceTree = "<group>";
		};
		CE7B03362BA6888C00A27030 /* Messaging */ = {
			isa = PBXGroup;
			children = (
			);
			path = Messaging;
			sourceTree = "<group>";
		};
		CE7B03372BA6889100A27030 /* Cards */ = {
			isa = PBXGroup;
			children = (
				CEEA74AC2BAD13FE0097AF4E /* Service */,
				CEEA74A92BAD132E0097AF4E /* VIewModel */,
				CEEA74A62BAD12C50097AF4E /* Model */,
				CE7B033A2BA68B3C00A27030 /* Views */,
			);
			path = Cards;
			sourceTree = "<group>";
		};
		CE7B033A2BA68B3C00A27030 /* Views */ = {
			isa = PBXGroup;
			children = (
				CE7B033B2BA68B4D00A27030 /* CardView.swift */,
				CE7B033F2BA6948A00A27030 /* UserInfoView.swift */,
				CE3592B52BA7B18700AF261F /* SwipeActionIndicatorView.swift */,
				CE3592BA2BA7CFCD00AF261F /* ImageScrollingOverlay.swift */,
				CE132F7C2BAA66F100DED1F6 /* CardImageIndicatorView.swift */,
				CE132F7E2BAA75FB00DED1F6 /* CardStackView.swift */,
			);
			path = Views;
			sourceTree = "<group>";
		};
		CEEA74A22BAD12680097AF4E /* Users */ = {
			isa = PBXGroup;
			children = (
				CEEA74A32BAD126F0097AF4E /* Model */,
			);
			path = Users;
			sourceTree = "<group>";
		};
		CEEA74A32BAD126F0097AF4E /* Model */ = {
			isa = PBXGroup;
			children = (
				CEEA74A42BAD127C0097AF4E /* User.swift */,
			);
			path = Model;
			sourceTree = "<group>";
		};
		CEEA74A62BAD12C50097AF4E /* Model */ = {
			isa = PBXGroup;
			children = (
				CEEA74A72BAD12D90097AF4E /* CardModel.swift */,
			);
			path = Model;
			sourceTree = "<group>";
		};
		CEEA74A92BAD132E0097AF4E /* VIewModel */ = {
			isa = PBXGroup;
			children = (
				CEEA74AA2BAD13410097AF4E /* CardsViewModel.swift */,
			);
			path = VIewModel;
			sourceTree = "<group>";
		};
		CEEA74AC2BAD13FE0097AF4E /* Service */ = {
			isa = PBXGroup;
			children = (
				CEEA74AD2BAD14130097AF4E /* CardService.swift */,
			);
			path = Service;
			sourceTree = "<group>";
		};
		CEEA74AF2BAD14F70097AF4E /* MockData */ = {
			isa = PBXGroup;
			children = (
				CEEA74B02BAD15030097AF4E /* MockData.swift */,
			);
			path = MockData;
			sourceTree = "<group>";
		};
/* End PBXGroup section */

/* Begin PBXNativeTarget section */
		CE7B031C2BA6879D00A27030 /* TinderClone */ = {
			isa = PBXNativeTarget;
			buildConfigurationList = CE7B032B2BA6879E00A27030 /* Build configuration list for PBXNativeTarget "TinderClone" */;
			buildPhases = (
				CE7B03192BA6879D00A27030 /* Sources */,
				CE7B031A2BA6879D00A27030 /* Frameworks */,
				CE7B031B2BA6879D00A27030 /* Resources */,
			);
			buildRules = (
			);
			dependencies = (
			);
			name = TinderClone;
			productName = TinderClone;
			productReference = CE7B031D2BA6879D00A27030 /* TinderClone.app */;
			productType = "com.apple.product-type.application";
		};
/* End PBXNativeTarget section */

/* Begin PBXProject section */
		CE7B03152BA6879D00A27030 /* Project object */ = {
			isa = PBXProject;
			attributes = {
				BuildIndependentTargetsInParallel = 1;
				LastSwiftUpdateCheck = 1530;
				LastUpgradeCheck = 1530;
				TargetAttributes = {
					CE7B031C2BA6879D00A27030 = {
						CreatedOnToolsVersion = 15.3;
					};
				};
			};
			buildConfigurationList = CE7B03182BA6879D00A27030 /* Build configuration list for PBXProject "TinderClone" */;
			compatibilityVersion = "Xcode 14.0";
			developmentRegion = en;
			hasScannedForEncodings = 0;
			knownRegions = (
				en,
				Base,
			);
			mainGroup = CE7B03142BA6879D00A27030;
			productRefGroup = CE7B031E2BA6879D00A27030 /* Products */;
			projectDirPath = "";
			projectRoot = "";
			targets = (
				CE7B031C2BA6879D00A27030 /* TinderClone */,
			);
		};
/* End PBXProject section */

/* Begin PBXResourcesBuildPhase section */
		CE7B031B2BA6879D00A27030 /* Resources */ = {
			isa = PBXResourcesBuildPhase;
			buildActionMask = 2147483647;
			files = (
				CE7B03282BA6879E00A27030 /* Preview Assets.xcassets in Resources */,
				CE7B03252BA6879E00A27030 /* Assets.xcassets in Resources */,
			);
			runOnlyForDeploymentPostprocessing = 0;
		};
/* End PBXResourcesBuildPhase section */

/* Begin PBXSourcesBuildPhase section */
		CE7B03192BA6879D00A27030 /* Sources */ = {
			isa = PBXSourcesBuildPhase;
			buildActionMask = 2147483647;
			files = (
				CE3592BB2BA7CFCD00AF261F /* ImageScrollingOverlay.swift in Sources */,
				CEEA74AE2BAD14130097AF4E /* CardService.swift in Sources */,
				CE3592B92BA7B43F00AF261F /* SizeConstants.swift in Sources */,
				CE7B03232BA6879D00A27030 /* ContentView.swift in Sources */,
				CEEA74B12BAD15030097AF4E /* MockData.swift in Sources */,
				CE3592B62BA7B18700AF261F /* SwipeActionIndicatorView.swift in Sources */,
				CE132F7D2BAA66F100DED1F6 /* CardImageIndicatorView.swift in Sources */,
				CEEA74A82BAD12D90097AF4E /* CardModel.swift in Sources */,
				CE132F7F2BAA75FB00DED1F6 /* CardStackView.swift in Sources */,
				CE7B03212BA6879D00A27030 /* TinderCloneApp.swift in Sources */,
				CE7B033C2BA68B4D00A27030 /* CardView.swift in Sources */,
				CE7B03392BA688BD00A27030 /* MainTabView.swift in Sources */,
				CEEA74AB2BAD13410097AF4E /* CardsViewModel.swift in Sources */,
				CE7B03402BA6948A00A27030 /* UserInfoView.swift in Sources */,
				CEEA74A52BAD127C0097AF4E /* User.swift in Sources */,
			);
			runOnlyForDeploymentPostprocessing = 0;
		};
/* End PBXSourcesBuildPhase section */

/* Begin XCBuildConfiguration section */
		CE7B03292BA6879E00A27030 /* Debug */ = {
			isa = XCBuildConfiguration;
			buildSettings = {
				ALWAYS_SEARCH_USER_PATHS = NO;
				ASSETCATALOG_COMPILER_GENERATE_SWIFT_ASSET_SYMBOL_EXTENSIONS = YES;
				CLANG_ANALYZER_NONNULL = YES;
				CLANG_ANALYZER_NUMBER_OBJECT_CONVERSION = YES_AGGRESSIVE;
				CLANG_CXX_LANGUAGE_STANDARD = "gnu++20";
				CLANG_ENABLE_MODULES = YES;
				CLANG_ENABLE_OBJC_ARC = YES;
				CLANG_ENABLE_OBJC_WEAK = YES;
				CLANG_WARN_BLOCK_CAPTURE_AUTORELEASING = YES;
				CLANG_WARN_BOOL_CONVERSION = YES;
				CLANG_WARN_COMMA = YES;
				CLANG_WARN_CONSTANT_CONVERSION = YES;
				CLANG_WARN_DEPRECATED_OBJC_IMPLEMENTATIONS = YES;
				CLANG_WARN_DIRECT_OBJC_ISA_USAGE = YES_ERROR;
				CLANG_WARN_DOCUMENTATION_COMMENTS = YES;
				CLANG_WARN_EMPTY_BODY = YES;
				CLANG_WARN_ENUM_CONVERSION = YES;
				CLANG_WARN_INFINITE_RECURSION = YES;
				CLANG_WARN_INT_CONVERSION = YES;
				CLANG_WARN_NON_LITERAL_NULL_CONVERSION = YES;
				CLANG_WARN_OBJC_IMPLICIT_RETAIN_SELF = YES;
				CLANG_WARN_OBJC_LITERAL_CONVERSION = YES;
				CLANG_WARN_OBJC_ROOT_CLASS = YES_ERROR;
				CLANG_WARN_QUOTED_INCLUDE_IN_FRAMEWORK_HEADER = YES;
				CLANG_WARN_RANGE_LOOP_ANALYSIS = YES;
				CLANG_WARN_STRICT_PROTOTYPES = YES;
				CLANG_WARN_SUSPICIOUS_MOVE = YES;
				CLANG_WARN_UNGUARDED_AVAILABILITY = YES_AGGRESSIVE;
				CLANG_WARN_UNREACHABLE_CODE = YES;
				CLANG_WARN__DUPLICATE_METHOD_MATCH = YES;
				COPY_PHASE_STRIP = NO;
				DEBUG_INFORMATION_FORMAT = dwarf;
				ENABLE_STRICT_OBJC_MSGSEND = YES;
				ENABLE_TESTABILITY = YES;
				ENABLE_USER_SCRIPT_SANDBOXING = YES;
				GCC_C_LANGUAGE_STANDARD = gnu17;
				GCC_DYNAMIC_NO_PIC = NO;
				GCC_NO_COMMON_BLOCKS = YES;
				GCC_OPTIMIZATION_LEVEL = 0;
				GCC_PREPROCESSOR_DEFINITIONS = (
					"DEBUG=1",
					"$(inherited)",
				);
				GCC_WARN_64_TO_32_BIT_CONVERSION = YES;
				GCC_WARN_ABOUT_RETURN_TYPE = YES_ERROR;
				GCC_WARN_UNDECLARED_SELECTOR = YES;
				GCC_WARN_UNINITIALIZED_AUTOS = YES_AGGRESSIVE;
				GCC_WARN_UNUSED_FUNCTION = YES;
				GCC_WARN_UNUSED_VARIABLE = YES;
				IPHONEOS_DEPLOYMENT_TARGET = 17.4;
				LOCALIZATION_PREFERS_STRING_CATALOGS = YES;
				MTL_ENABLE_DEBUG_INFO = INCLUDE_SOURCE;
				MTL_FAST_MATH = YES;
				ONLY_ACTIVE_ARCH = YES;
				SDKROOT = iphoneos;
				SWIFT_ACTIVE_COMPILATION_CONDITIONS = "DEBUG $(inherited)";
				SWIFT_OPTIMIZATION_LEVEL = "-Onone";
			};
			name = Debug;
		};
		CE7B032A2BA6879E00A27030 /* Release */ = {
			isa = XCBuildConfiguration;
			buildSettings = {
				ALWAYS_SEARCH_USER_PATHS = NO;
				ASSETCATALOG_COMPILER_GENERATE_SWIFT_ASSET_SYMBOL_EXTENSIONS = YES;
				CLANG_ANALYZER_NONNULL = YES;
				CLANG_ANALYZER_NUMBER_OBJECT_CONVERSION = YES_AGGRESSIVE;
				CLANG_CXX_LANGUAGE_STANDARD = "gnu++20";
				CLANG_ENABLE_MODULES = YES;
				CLANG_ENABLE_OBJC_ARC = YES;
				CLANG_ENABLE_OBJC_WEAK = YES;
				CLANG_WARN_BLOCK_CAPTURE_AUTORELEASING = YES;
				CLANG_WARN_BOOL_CONVERSION = YES;
				CLANG_WARN_COMMA = YES;
				CLANG_WARN_CONSTANT_CONVERSION = YES;
				CLANG_WARN_DEPRECATED_OBJC_IMPLEMENTATIONS = YES;
				CLANG_WARN_DIRECT_OBJC_ISA_USAGE = YES_ERROR;
				CLANG_WARN_DOCUMENTATION_COMMENTS = YES;
				CLANG_WARN_EMPTY_BODY = YES;
				CLANG_WARN_ENUM_CONVERSION = YES;
				CLANG_WARN_INFINITE_RECURSION = YES;
				CLANG_WARN_INT_CONVERSION = YES;
				CLANG_WARN_NON_LITERAL_NULL_CONVERSION = YES;
				CLANG_WARN_OBJC_IMPLICIT_RETAIN_SELF = YES;
				CLANG_WARN_OBJC_LITERAL_CONVERSION = YES;
				CLANG_WARN_OBJC_ROOT_CLASS = YES_ERROR;
				CLANG_WARN_QUOTED_INCLUDE_IN_FRAMEWORK_HEADER = YES;
				CLANG_WARN_RANGE_LOOP_ANALYSIS = YES;
				CLANG_WARN_STRICT_PROTOTYPES = YES;
				CLANG_WARN_SUSPICIOUS_MOVE = YES;
				CLANG_WARN_UNGUARDED_AVAILABILITY = YES_AGGRESSIVE;
				CLANG_WARN_UNREACHABLE_CODE = YES;
				CLANG_WARN__DUPLICATE_METHOD_MATCH = YES;
				COPY_PHASE_STRIP = NO;
				DEBUG_INFORMATION_FORMAT = "dwarf-with-dsym";
				ENABLE_NS_ASSERTIONS = NO;
				ENABLE_STRICT_OBJC_MSGSEND = YES;
				ENABLE_USER_SCRIPT_SANDBOXING = YES;
				GCC_C_LANGUAGE_STANDARD = gnu17;
				GCC_NO_COMMON_BLOCKS = YES;
				GCC_WARN_64_TO_32_BIT_CONVERSION = YES;
				GCC_WARN_ABOUT_RETURN_TYPE = YES_ERROR;
				GCC_WARN_UNDECLARED_SELECTOR = YES;
				GCC_WARN_UNINITIALIZED_AUTOS = YES_AGGRESSIVE;
				GCC_WARN_UNUSED_FUNCTION = YES;
				GCC_WARN_UNUSED_VARIABLE = YES;
				IPHONEOS_DEPLOYMENT_TARGET = 17.4;
				LOCALIZATION_PREFERS_STRING_CATALOGS = YES;
				MTL_ENABLE_DEBUG_INFO = NO;
				MTL_FAST_MATH = YES;
				SDKROOT = iphoneos;
				SWIFT_COMPILATION_MODE = wholemodule;
				VALIDATE_PRODUCT = YES;
			};
			name = Release;
		};
		CE7B032C2BA6879E00A27030 /* Debug */ = {
			isa = XCBuildConfiguration;
			buildSettings = {
				ASSETCATALOG_COMPILER_APPICON_NAME = AppIcon;
				ASSETCATALOG_COMPILER_GLOBAL_ACCENT_COLOR_NAME = AccentColor;
				CODE_SIGN_STYLE = Automatic;
				CURRENT_PROJECT_VERSION = 1;
				DEVELOPMENT_ASSET_PATHS = "\"TinderClone/Preview Content\"";
				ENABLE_PREVIEWS = YES;
				GENERATE_INFOPLIST_FILE = YES;
				INFOPLIST_KEY_UIApplicationSceneManifest_Generation = YES;
				INFOPLIST_KEY_UIApplicationSupportsIndirectInputEvents = YES;
				INFOPLIST_KEY_UILaunchScreen_Generation = YES;
				INFOPLIST_KEY_UISupportedInterfaceOrientations_iPad = "UIInterfaceOrientationPortrait UIInterfaceOrientationPortraitUpsideDown UIInterfaceOrientationLandscapeLeft UIInterfaceOrientationLandscapeRight";
				INFOPLIST_KEY_UISupportedInterfaceOrientations_iPhone = "UIInterfaceOrientationPortrait UIInterfaceOrientationLandscapeLeft UIInterfaceOrientationLandscapeRight";
				LD_RUNPATH_SEARCH_PATHS = (
					"$(inherited)",
					"@executable_path/Frameworks",
				);
				MARKETING_VERSION = 1.0;
				PRODUCT_BUNDLE_IDENTIFIER = com.imrob.TinderClone;
				PRODUCT_NAME = "$(TARGET_NAME)";
				SWIFT_EMIT_LOC_STRINGS = YES;
				SWIFT_VERSION = 5.0;
				TARGETED_DEVICE_FAMILY = "1,2";
			};
			name = Debug;
		};
		CE7B032D2BA6879E00A27030 /* Release */ = {
			isa = XCBuildConfiguration;
			buildSettings = {
				ASSETCATALOG_COMPILER_APPICON_NAME = AppIcon;
				ASSETCATALOG_COMPILER_GLOBAL_ACCENT_COLOR_NAME = AccentColor;
				CODE_SIGN_STYLE = Automatic;
				CURRENT_PROJECT_VERSION = 1;
				DEVELOPMENT_ASSET_PATHS = "\"TinderClone/Preview Content\"";
				ENABLE_PREVIEWS = YES;
				GENERATE_INFOPLIST_FILE = YES;
				INFOPLIST_KEY_UIApplicationSceneManifest_Generation = YES;
				INFOPLIST_KEY_UIApplicationSupportsIndirectInputEvents = YES;
				INFOPLIST_KEY_UILaunchScreen_Generation = YES;
				INFOPLIST_KEY_UISupportedInterfaceOrientations_iPad = "UIInterfaceOrientationPortrait UIInterfaceOrientationPortraitUpsideDown UIInterfaceOrientationLandscapeLeft UIInterfaceOrientationLandscapeRight";
				INFOPLIST_KEY_UISupportedInterfaceOrientations_iPhone = "UIInterfaceOrientationPortrait UIInterfaceOrientationLandscapeLeft UIInterfaceOrientationLandscapeRight";
				LD_RUNPATH_SEARCH_PATHS = (
					"$(inherited)",
					"@executable_path/Frameworks",
				);
				MARKETING_VERSION = 1.0;
				PRODUCT_BUNDLE_IDENTIFIER = com.imrob.TinderClone;
				PRODUCT_NAME = "$(TARGET_NAME)";
				SWIFT_EMIT_LOC_STRINGS = YES;
				SWIFT_VERSION = 5.0;
				TARGETED_DEVICE_FAMILY = "1,2";
			};
			name = Release;
		};
/* End XCBuildConfiguration section */

/* Begin XCConfigurationList section */
		CE7B03182BA6879D00A27030 /* Build configuration list for PBXProject "TinderClone" */ = {
			isa = XCConfigurationList;
			buildConfigurations = (
				CE7B03292BA6879E00A27030 /* Debug */,
				CE7B032A2BA6879E00A27030 /* Release */,
			);
			defaultConfigurationIsVisible = 0;
			defaultConfigurationName = Release;
		};
		CE7B032B2BA6879E00A27030 /* Build configuration list for PBXNativeTarget "TinderClone" */ = {
			isa = XCConfigurationList;
			buildConfigurations = (
				CE7B032C2BA6879E00A27030 /* Debug */,
				CE7B032D2BA6879E00A27030 /* Release */,
			);
			defaultConfigurationIsVisible = 0;
			defaultConfigurationName = Release;
		};
/* End XCConfigurationList section */
	};
	rootObject = CE7B03152BA6879D00A27030 /* Project object */;
}
